<?xml version="1.0" encoding="utf-8"?>
<Project ToolsVersion="4.0" xmlns="http://schemas.microsoft.com/developer/msbuild/2003">
  <ItemGroup>
    <Filter Include="Source Files">
      <UniqueIdentifier>{4FC737F1-C7A5-4376-A066-2A32D752A2FF}</UniqueIdentifier>
      <Extensions>cpp;c;cc;cxx;c++;cppm;ixx;def;odl;idl;hpj;bat;asm;asmx</Extensions>
    </Filter>
    <Filter Include="Header Files">
      <UniqueIdentifier>{63a7f8b6-dd6c-4659-b3e7-3280610bba58}</UniqueIdentifier>
    </Filter>
  </ItemGroup>
  <ItemGroup>
    <ClInclude Include="ApiConfig.h" />
    <ClInclude Include="DataUtilities.h">
      <Filter>Header Files</Filter>
    </ClInclude>
    <ClInclude Include="WindowsProvider32.h">
      <Filter>Header Files</Filter>
    </ClInclude>
    <ClInclude Include="WindowsProviderNt.h">
      <Filter>Header Files</Filter>
    </ClInclude>
  </ItemGroup>
  <ItemGroup>
    <ClCompile Include="DataUtilities.c">
      <Filter>Source Files</Filter>
    </ClCompile>
    <ClCompile Include="WindowsProvider32.c">
      <Filter>Source Files</Filter>
    </ClCompile>
    <ClCompile Include="WindowsProviderNt.c">
      <Filter>Source Files</Filter>
    </ClCompile>
    <ClCompile Include="dllmain.c" />
  </ItemGroup>
</Project>