<?xml version="1.0" encoding="utf-8"?>
<Project ToolsVersion="4.0" xmlns="http://schemas.microsoft.com/developer/msbuild/2003">
  <ItemGroup>
    <Filter Include="ControllerLayer">
      <UniqueIdentifier>{fb70f841-d303-4fa8-bd57-44267b00ba2a}</UniqueIdentifier>
    </Filter>
    <Filter Include="ControllerLayer\Source Files">
      <UniqueIdentifier>{0ec79b56-e19f-4c00-aa3a-5a9ba02aaa57}</UniqueIdentifier>
    </Filter>
    <Filter Include="ControllerLayer\Header Files">
      <UniqueIdentifier>{8c6448f3-1fad-4ffd-976e-2a48de635563}</UniqueIdentifier>
    </Filter>
    <Filter Include="ModelLayer">
      <UniqueIdentifier>{2a1b781e-a944-4038-91c0-378c0db71a7e}</UniqueIdentifier>
    </Filter>
    <Filter Include="ModelLayer\Header Files">
      <UniqueIdentifier>{0cf8ffbd-010a-4b5a-9bab-293d51ef24b2}</UniqueIdentifier>
    </Filter>
    <Filter Include="ModelLayer\Source Files">
      <UniqueIdentifier>{64b3af0f-ebe2-4d1f-bc14-5e09872391ae}</UniqueIdentifier>
    </Filter>
    <Filter Include="ViewLayer">
      <UniqueIdentifier>{7af59b53-1a14-4ca0-87b1-2d3d7246f21f}</UniqueIdentifier>
    </Filter>
    <Filter Include="ViewLayer\Source Files">
      <UniqueIdentifier>{4FC737F1-C7A5-4376-A066-2A32D752A2FF}</UniqueIdentifier>
      <Extensions>cpp;c;cc;cxx;c++;cppm;ixx;def;odl;idl;hpj;bat;asm;asmx</Extensions>
    </Filter>
    <Filter Include="ViewLayer\Header Files">
      <UniqueIdentifier>{93995380-89BD-4b04-88EB-625FBE52EBFB}</UniqueIdentifier>
      <Extensions>h;hh;hpp;hxx;h++;hm;inl;inc;ipp;xsd</Extensions>
    </Filter>
  </ItemGroup>
  <ItemGroup>
    <ClInclude Include="SystemController.h">
      <Filter>ControllerLayer\Header Files</Filter>
    </ClInclude>
    <ClInclude Include="ProcessController.h">
      <Filter>ControllerLayer\Header Files</Filter>
    </ClInclude>
    <ClInclude Include="MathModels.h">
      <Filter>ModelLayer\Header Files</Filter>
    </ClInclude>
    <ClInclude Include="WindowsModels.h">
      <Filter>ModelLayer\Header Files</Filter>
    </ClInclude>
    <ClInclude Include="ViewUtilities.h">
      <Filter>ViewLayer\Header Files</Filter>
    </ClInclude>
  </ItemGroup>
  <ItemGroup>
    <ClCompile Include="ProcessController.cpp">
      <Filter>ControllerLayer\Source Files</Filter>
    </ClCompile>
    <ClCompile Include="SystemController.cpp">
      <Filter>ControllerLayer\Source Files</Filter>
    </ClCompile>
    <ClCompile Include="MathModels.cpp">
      <Filter>ModelLayer\Source Files</Filter>
    </ClCompile>
    <ClCompile Include="ViewUtilities.cpp">
      <Filter>ViewLayer\Source Files</Filter>
    </ClCompile>
  </ItemGroup>
</Project>